
Microsoft Visual Studio Solution File, Format Version 12.00
# Visual Studio Version 16
VisualStudioVersion = 16.0.30717.126
MinimumVisualStudioVersion = 10.0.40219.1
Project("{FAE04EC0-301F-11D3-BF4B-00C04F79EFBC}") = "Visitor", "Visitor.csproj", "{80B7382F-78E5-4A23-9A12-AF50499D5B8D}"
EndProject
Global
	GlobalSection(SolutionConfigurationPlatforms) = preSolution
		Debug|Any CPU = Debug|Any CPU
		Release|Any CPU = Release|Any CPU
	EndGlobalSection
	GlobalSection(ProjectConfigurationPlatforms) = postSolution
		{80B7382F-78E5-4A23-9A12-AF50499D5B8D}.Debug|Any CPU.ActiveCfg = Debug|Any CPU
		{80B7382F-78E5-4A23-9A12-AF50499D5B8D}.Debug|Any CPU.Build.0 = Debug|Any CPU
		{80B7382F-78E5-4A23-9A12-AF50499D5B8D}.Release|Any CPU.ActiveCfg = Release|Any CPU
		{80B7382F-78E5-4A23-9A12-AF50499D5B8D}.Release|Any CPU.Build.0 = Release|Any CPU
	EndGlobalSection
	GlobalSection(SolutionProperties) = preSolution
		HideSolutionNode = FALSE
	EndGlobalSection
	GlobalSection(ExtensibilityGlobals) = postSolution
		SolutionGuid = {6B7EA03A-0A51-4E65-9EBF-9C9378CEF8B4}
	EndGlobalSection
EndGlobal
