
Microsoft Visual Studio Solution File, Format Version 12.00
# Visual Studio Version 16
VisualStudioVersion = 16.0.30717.126
MinimumVisualStudioVersion = 10.0.40219.1
Project("{FAE04EC0-301F-11D3-BF4B-00C04F79EFBC}") = "State", "State.csproj", "{CBB490C8-4CAE-4371-B703-74B24B7EED75}"
EndProject
Global
	GlobalSection(SolutionConfigurationPlatforms) = preSolution
		Debug|Any CPU = Debug|Any CPU
		Release|Any CPU = Release|Any CPU
	EndGlobalSection
	GlobalSection(ProjectConfigurationPlatforms) = postSolution
		{CBB490C8-4CAE-4371-B703-74B24B7EED75}.Debug|Any CPU.ActiveCfg = Debug|Any CPU
		{CBB490C8-4CAE-4371-B703-74B24B7EED75}.Debug|Any CPU.Build.0 = Debug|Any CPU
		{CBB490C8-4CAE-4371-B703-74B24B7EED75}.Release|Any CPU.ActiveCfg = Release|Any CPU
		{CBB490C8-4CAE-4371-B703-74B24B7EED75}.Release|Any CPU.Build.0 = Release|Any CPU
	EndGlobalSection
	GlobalSection(SolutionProperties) = preSolution
		HideSolutionNode = FALSE
	EndGlobalSection
	GlobalSection(ExtensibilityGlobals) = postSolution
		SolutionGuid = {B486ED27-E882-498B-BC98-BC2D601EACA2}
	EndGlobalSection
EndGlobal
